
Microsoft Visual Studio Solution File, Format Version 12.00
# Visual Studio 2012
Project("{2150E333-8FDC-42A3-9474-1A3956D46DE8}") = "Solution Items", "Solution Items", "{985BCC3A-CD3E-4FCC-AAC4-754EB0192EC8}"
	ProjectSection(SolutionItems) = preProject
		Chronozoom.vsmdi = Chronozoom.vsmdi
		CREDITS.TXT = CREDITS.TXT
		LICENSE.TXT = LICENSE.TXT
	EndProjectSection
EndProject
Project("{FAE04EC0-301F-11D3-BF4B-00C04F79EFBC}") = "Authoring.Tests", "Authoring\Authoring.Tests\Authoring.Tests.csproj", "{03CAA822-F970-4851-9997-5EE7EBC5E00A}"
EndProject
Project("{FAE04EC0-301F-11D3-BF4B-00C04F79EFBC}") = "Authoring.WebRole", "Authoring\Authoring.WebRole\Authoring.WebRole.csproj", "{C0CD99A0-5D3D-465C-8CF3-459199C0DAB6}"
EndProject
Project("{CC5FD16D-436D-48AD-A40C-5A424C6E3E79}") = "Authoring.Azure", "Authoring\Authoring.Azure\Authoring.Azure.ccproj", "{BD60A6DD-00CA-4641-B6C2-AC350431FBB1}"
EndProject
Project("{FAE04EC0-301F-11D3-BF4B-00C04F79EFBC}") = "Chronozoom.UI", "Chronozoom.UI\Chronozoom.UI.csproj", "{1A1F34C7-6E40-41C1-9ADB-D374DBAF7C50}"
EndProject
Project("{FAE04EC0-301F-11D3-BF4B-00C04F79EFBC}") = "Chronozoom.Test", "..\Test\Chronozoom.Test\Chronozoom.Test.csproj", "{04EF7690-3E45-45BA-A745-76E1C6C2F475}"
EndProject
Project("{FAE04EC0-301F-11D3-BF4B-00C04F79EFBC}") = "Chronozoom.Entities", "Chronozoom.Entities\Chronozoom.Entities.csproj", "{B995D3CF-E31F-4986-A7F7-77988EA275D3}"
EndProject
Project("{00D1A9C2-B5F0-4AF3-8072-F6C62B433612}") = "Chronozoom.Database", "Chronozoom.Database\Chronozoom.Database.sqlproj", "{AEE07A15-6B8F-445D-82AC-051E4C2C56CB}"
EndProject
Project("{FAE04EC0-301F-11D3-BF4B-00C04F79EFBC}") = "ThumbGenLib", "ThumbGen\ThumbGenLib\ThumbGenLib.csproj", "{5B3FB17F-E68B-467D-861B-0CF5C91C2AA7}"
EndProject
Project("{FAE04EC0-301F-11D3-BF4B-00C04F79EFBC}") = "ThumbGenApp", "ThumbGen\ThumbGenApp\ThumbGenApp.csproj", "{7801AD45-318D-4942-8759-3D1C1CAD1E06}"
EndProject
Project("{CC5FD16D-436D-48AD-A40C-5A424C6E3E79}") = "Chronozoom.Azure", "Chronozoom.Azure\Chronozoom.Azure.ccproj", "{8E338D8F-37D9-43BA-A72A-CDA37FED0EAF}"
EndProject
Project("{2150E333-8FDC-42A3-9474-1A3956D46DE8}") = ".nuget", ".nuget", "{83B2C810-867C-4DE4-9F2A-50DA4944E555}"
	ProjectSection(SolutionItems) = preProject
		.nuget\NuGet.Config = .nuget\NuGet.Config
		.nuget\NuGet.exe = .nuget\NuGet.exe
		.nuget\NuGet.targets = .nuget\NuGet.targets
	EndProjectSection
EndProject
Global
	GlobalSection(TestCaseManagementSettings) = postSolution
		CategoryFile = Chronozoom.vsmdi
	EndGlobalSection
	GlobalSection(SolutionConfigurationPlatforms) = preSolution
		Debug|Any CPU = Debug|Any CPU
		Debug|Mixed Platforms = Debug|Mixed Platforms
		Debug|x86 = Debug|x86
		DevPreview|Any CPU = DevPreview|Any CPU
		DevPreview|Mixed Platforms = DevPreview|Mixed Platforms
		DevPreview|x86 = DevPreview|x86
		Production|Any CPU = Production|Any CPU
		Production|Mixed Platforms = Production|Mixed Platforms
		Production|x86 = Production|x86
		Release|Any CPU = Release|Any CPU
		Release|Mixed Platforms = Release|Mixed Platforms
		Release|x86 = Release|x86
		Sandbox|Any CPU = Sandbox|Any CPU
		Sandbox|Mixed Platforms = Sandbox|Mixed Platforms
		Sandbox|x86 = Sandbox|x86
		Staging|Any CPU = Staging|Any CPU
		Staging|Mixed Platforms = Staging|Mixed Platforms
		Staging|x86 = Staging|x86
	EndGlobalSection
	GlobalSection(ProjectConfigurationPlatforms) = postSolution
		{03CAA822-F970-4851-9997-5EE7EBC5E00A}.Debug|Any CPU.ActiveCfg = DevPreview|Any CPU
		{03CAA822-F970-4851-9997-5EE7EBC5E00A}.Debug|Any CPU.Build.0 = DevPreview|Any CPU
		{03CAA822-F970-4851-9997-5EE7EBC5E00A}.Debug|Mixed Platforms.ActiveCfg = DevPreview|Any CPU
		{03CAA822-F970-4851-9997-5EE7EBC5E00A}.Debug|Mixed Platforms.Build.0 = DevPreview|Any CPU
		{03CAA822-F970-4851-9997-5EE7EBC5E00A}.Debug|x86.ActiveCfg = DevPreview|Any CPU
		{03CAA822-F970-4851-9997-5EE7EBC5E00A}.DevPreview|Any CPU.ActiveCfg = DevPreview|Any CPU
		{03CAA822-F970-4851-9997-5EE7EBC5E00A}.DevPreview|Any CPU.Build.0 = DevPreview|Any CPU
		{03CAA822-F970-4851-9997-5EE7EBC5E00A}.DevPreview|Mixed Platforms.ActiveCfg = DevPreview|Any CPU
		{03CAA822-F970-4851-9997-5EE7EBC5E00A}.DevPreview|Mixed Platforms.Build.0 = DevPreview|Any CPU
		{03CAA822-F970-4851-9997-5EE7EBC5E00A}.DevPreview|x86.ActiveCfg = DevPreview|Any CPU
		{03CAA822-F970-4851-9997-5EE7EBC5E00A}.Production|Any CPU.ActiveCfg = Production|Any CPU
		{03CAA822-F970-4851-9997-5EE7EBC5E00A}.Production|Any CPU.Build.0 = Production|Any CPU
		{03CAA822-F970-4851-9997-5EE7EBC5E00A}.Production|Mixed Platforms.ActiveCfg = Production|Any CPU
		{03CAA822-F970-4851-9997-5EE7EBC5E00A}.Production|Mixed Platforms.Build.0 = Production|Any CPU
		{03CAA822-F970-4851-9997-5EE7EBC5E00A}.Production|x86.ActiveCfg = Production|Any CPU
		{03CAA822-F970-4851-9997-5EE7EBC5E00A}.Release|Any CPU.ActiveCfg = Staging|Any CPU
		{03CAA822-F970-4851-9997-5EE7EBC5E00A}.Release|Mixed Platforms.ActiveCfg = Staging|Any CPU
		{03CAA822-F970-4851-9997-5EE7EBC5E00A}.Release|Mixed Platforms.Build.0 = Staging|Any CPU
		{03CAA822-F970-4851-9997-5EE7EBC5E00A}.Release|x86.ActiveCfg = Staging|Any CPU
		{03CAA822-F970-4851-9997-5EE7EBC5E00A}.Sandbox|Any CPU.ActiveCfg = Sandbox|Any CPU
		{03CAA822-F970-4851-9997-5EE7EBC5E00A}.Sandbox|Any CPU.Build.0 = Sandbox|Any CPU
		{03CAA822-F970-4851-9997-5EE7EBC5E00A}.Sandbox|Mixed Platforms.ActiveCfg = Sandbox|Any CPU
		{03CAA822-F970-4851-9997-5EE7EBC5E00A}.Sandbox|Mixed Platforms.Build.0 = Sandbox|Any CPU
		{03CAA822-F970-4851-9997-5EE7EBC5E00A}.Sandbox|x86.ActiveCfg = Sandbox|Any CPU
		{03CAA822-F970-4851-9997-5EE7EBC5E00A}.Staging|Any CPU.ActiveCfg = Staging|Any CPU
		{03CAA822-F970-4851-9997-5EE7EBC5E00A}.Staging|Any CPU.Build.0 = Staging|Any CPU
		{03CAA822-F970-4851-9997-5EE7EBC5E00A}.Staging|Mixed Platforms.ActiveCfg = Staging|Any CPU
		{03CAA822-F970-4851-9997-5EE7EBC5E00A}.Staging|Mixed Platforms.Build.0 = Staging|Any CPU
		{03CAA822-F970-4851-9997-5EE7EBC5E00A}.Staging|x86.ActiveCfg = Staging|Any CPU
		{C0CD99A0-5D3D-465C-8CF3-459199C0DAB6}.Debug|Any CPU.ActiveCfg = DevPreview|Any CPU
		{C0CD99A0-5D3D-465C-8CF3-459199C0DAB6}.Debug|Any CPU.Build.0 = DevPreview|Any CPU
		{C0CD99A0-5D3D-465C-8CF3-459199C0DAB6}.Debug|Mixed Platforms.ActiveCfg = DevPreview|Any CPU
		{C0CD99A0-5D3D-465C-8CF3-459199C0DAB6}.Debug|Mixed Platforms.Build.0 = DevPreview|Any CPU
		{C0CD99A0-5D3D-465C-8CF3-459199C0DAB6}.Debug|x86.ActiveCfg = DevPreview|Any CPU
		{C0CD99A0-5D3D-465C-8CF3-459199C0DAB6}.DevPreview|Any CPU.ActiveCfg = DevPreview|Any CPU
		{C0CD99A0-5D3D-465C-8CF3-459199C0DAB6}.DevPreview|Any CPU.Build.0 = DevPreview|Any CPU
		{C0CD99A0-5D3D-465C-8CF3-459199C0DAB6}.DevPreview|Mixed Platforms.ActiveCfg = DevPreview|Any CPU
		{C0CD99A0-5D3D-465C-8CF3-459199C0DAB6}.DevPreview|Mixed Platforms.Build.0 = DevPreview|Any CPU
		{C0CD99A0-5D3D-465C-8CF3-459199C0DAB6}.DevPreview|x86.ActiveCfg = DevPreview|Any CPU
		{C0CD99A0-5D3D-465C-8CF3-459199C0DAB6}.Production|Any CPU.ActiveCfg = Production|Any CPU
		{C0CD99A0-5D3D-465C-8CF3-459199C0DAB6}.Production|Any CPU.Build.0 = Production|Any CPU
		{C0CD99A0-5D3D-465C-8CF3-459199C0DAB6}.Production|Mixed Platforms.ActiveCfg = Production|Any CPU
		{C0CD99A0-5D3D-465C-8CF3-459199C0DAB6}.Production|Mixed Platforms.Build.0 = Production|Any CPU
		{C0CD99A0-5D3D-465C-8CF3-459199C0DAB6}.Production|x86.ActiveCfg = Production|Any CPU
		{C0CD99A0-5D3D-465C-8CF3-459199C0DAB6}.Release|Any CPU.ActiveCfg = Staging|Any CPU
		{C0CD99A0-5D3D-465C-8CF3-459199C0DAB6}.Release|Any CPU.Build.0 = Staging|Any CPU
		{C0CD99A0-5D3D-465C-8CF3-459199C0DAB6}.Release|Mixed Platforms.ActiveCfg = Staging|Any CPU
		{C0CD99A0-5D3D-465C-8CF3-459199C0DAB6}.Release|Mixed Platforms.Build.0 = Staging|Any CPU
		{C0CD99A0-5D3D-465C-8CF3-459199C0DAB6}.Release|x86.ActiveCfg = Staging|Any CPU
		{C0CD99A0-5D3D-465C-8CF3-459199C0DAB6}.Sandbox|Any CPU.ActiveCfg = Sandbox|Any CPU
		{C0CD99A0-5D3D-465C-8CF3-459199C0DAB6}.Sandbox|Any CPU.Build.0 = Sandbox|Any CPU
		{C0CD99A0-5D3D-465C-8CF3-459199C0DAB6}.Sandbox|Mixed Platforms.ActiveCfg = Sandbox|Any CPU
		{C0CD99A0-5D3D-465C-8CF3-459199C0DAB6}.Sandbox|Mixed Platforms.Build.0 = Sandbox|Any CPU
		{C0CD99A0-5D3D-465C-8CF3-459199C0DAB6}.Sandbox|x86.ActiveCfg = Sandbox|Any CPU
		{C0CD99A0-5D3D-465C-8CF3-459199C0DAB6}.Staging|Any CPU.ActiveCfg = Staging|Any CPU
		{C0CD99A0-5D3D-465C-8CF3-459199C0DAB6}.Staging|Any CPU.Build.0 = Staging|Any CPU
		{C0CD99A0-5D3D-465C-8CF3-459199C0DAB6}.Staging|Mixed Platforms.ActiveCfg = Staging|Any CPU
		{C0CD99A0-5D3D-465C-8CF3-459199C0DAB6}.Staging|Mixed Platforms.Build.0 = Staging|Any CPU
		{C0CD99A0-5D3D-465C-8CF3-459199C0DAB6}.Staging|x86.ActiveCfg = Staging|Any CPU
		{BD60A6DD-00CA-4641-B6C2-AC350431FBB1}.Debug|Any CPU.ActiveCfg = Debug|Any CPU
		{BD60A6DD-00CA-4641-B6C2-AC350431FBB1}.Debug|Any CPU.Build.0 = Debug|Any CPU
		{BD60A6DD-00CA-4641-B6C2-AC350431FBB1}.Debug|Mixed Platforms.ActiveCfg = Debug|Any CPU
		{BD60A6DD-00CA-4641-B6C2-AC350431FBB1}.Debug|Mixed Platforms.Build.0 = Debug|Any CPU
		{BD60A6DD-00CA-4641-B6C2-AC350431FBB1}.Debug|x86.ActiveCfg = Debug|Any CPU
		{BD60A6DD-00CA-4641-B6C2-AC350431FBB1}.DevPreview|Any CPU.ActiveCfg = Debug|Any CPU
		{BD60A6DD-00CA-4641-B6C2-AC350431FBB1}.DevPreview|Any CPU.Build.0 = Debug|Any CPU
		{BD60A6DD-00CA-4641-B6C2-AC350431FBB1}.DevPreview|Mixed Platforms.ActiveCfg = Debug|Any CPU
		{BD60A6DD-00CA-4641-B6C2-AC350431FBB1}.DevPreview|x86.ActiveCfg = Debug|Any CPU
		{BD60A6DD-00CA-4641-B6C2-AC350431FBB1}.Production|Any CPU.ActiveCfg = Release|Any CPU
		{BD60A6DD-00CA-4641-B6C2-AC350431FBB1}.Production|Any CPU.Build.0 = Release|Any CPU
		{BD60A6DD-00CA-4641-B6C2-AC350431FBB1}.Production|Mixed Platforms.ActiveCfg = Release|Any CPU
		{BD60A6DD-00CA-4641-B6C2-AC350431FBB1}.Production|x86.ActiveCfg = Release|Any CPU
		{BD60A6DD-00CA-4641-B6C2-AC350431FBB1}.Release|Any CPU.ActiveCfg = Release|Any CPU
		{BD60A6DD-00CA-4641-B6C2-AC350431FBB1}.Release|Any CPU.Build.0 = Release|Any CPU
		{BD60A6DD-00CA-4641-B6C2-AC350431FBB1}.Release|Mixed Platforms.ActiveCfg = Release|Any CPU
		{BD60A6DD-00CA-4641-B6C2-AC350431FBB1}.Release|Mixed Platforms.Build.0 = Release|Any CPU
		{BD60A6DD-00CA-4641-B6C2-AC350431FBB1}.Release|x86.ActiveCfg = Release|Any CPU
		{BD60A6DD-00CA-4641-B6C2-AC350431FBB1}.Sandbox|Any CPU.ActiveCfg = Sandbox|Any CPU
		{BD60A6DD-00CA-4641-B6C2-AC350431FBB1}.Sandbox|Any CPU.Build.0 = Sandbox|Any CPU
		{BD60A6DD-00CA-4641-B6C2-AC350431FBB1}.Sandbox|Mixed Platforms.ActiveCfg = Sandbox|Any CPU
		{BD60A6DD-00CA-4641-B6C2-AC350431FBB1}.Sandbox|Mixed Platforms.Build.0 = Sandbox|Any CPU
		{BD60A6DD-00CA-4641-B6C2-AC350431FBB1}.Sandbox|x86.ActiveCfg = Sandbox|Any CPU
		{BD60A6DD-00CA-4641-B6C2-AC350431FBB1}.Staging|Any CPU.ActiveCfg = Staging|Any CPU
		{BD60A6DD-00CA-4641-B6C2-AC350431FBB1}.Staging|Any CPU.Build.0 = Staging|Any CPU
		{BD60A6DD-00CA-4641-B6C2-AC350431FBB1}.Staging|Mixed Platforms.ActiveCfg = Staging|Any CPU
		{BD60A6DD-00CA-4641-B6C2-AC350431FBB1}.Staging|Mixed Platforms.Build.0 = Staging|Any CPU
		{BD60A6DD-00CA-4641-B6C2-AC350431FBB1}.Staging|x86.ActiveCfg = Staging|Any CPU
		{1A1F34C7-6E40-41C1-9ADB-D374DBAF7C50}.Debug|Any CPU.ActiveCfg = DevPreview|Any CPU
		{1A1F34C7-6E40-41C1-9ADB-D374DBAF7C50}.Debug|Any CPU.Build.0 = DevPreview|Any CPU
		{1A1F34C7-6E40-41C1-9ADB-D374DBAF7C50}.Debug|Mixed Platforms.ActiveCfg = DevPreview|Any CPU
		{1A1F34C7-6E40-41C1-9ADB-D374DBAF7C50}.Debug|Mixed Platforms.Build.0 = DevPreview|Any CPU
		{1A1F34C7-6E40-41C1-9ADB-D374DBAF7C50}.Debug|x86.ActiveCfg = DevPreview|Any CPU
		{1A1F34C7-6E40-41C1-9ADB-D374DBAF7C50}.DevPreview|Any CPU.ActiveCfg = DevPreview|Any CPU
		{1A1F34C7-6E40-41C1-9ADB-D374DBAF7C50}.DevPreview|Any CPU.Build.0 = DevPreview|Any CPU
		{1A1F34C7-6E40-41C1-9ADB-D374DBAF7C50}.DevPreview|Mixed Platforms.ActiveCfg = DevPreview|Any CPU
		{1A1F34C7-6E40-41C1-9ADB-D374DBAF7C50}.DevPreview|Mixed Platforms.Build.0 = DevPreview|Any CPU
		{1A1F34C7-6E40-41C1-9ADB-D374DBAF7C50}.DevPreview|x86.ActiveCfg = DevPreview|Any CPU
		{1A1F34C7-6E40-41C1-9ADB-D374DBAF7C50}.Production|Any CPU.ActiveCfg = Production|Any CPU
		{1A1F34C7-6E40-41C1-9ADB-D374DBAF7C50}.Production|Any CPU.Build.0 = Production|Any CPU
		{1A1F34C7-6E40-41C1-9ADB-D374DBAF7C50}.Production|Mixed Platforms.ActiveCfg = Production|Any CPU
		{1A1F34C7-6E40-41C1-9ADB-D374DBAF7C50}.Production|Mixed Platforms.Build.0 = Production|Any CPU
		{1A1F34C7-6E40-41C1-9ADB-D374DBAF7C50}.Production|x86.ActiveCfg = Production|Any CPU
		{1A1F34C7-6E40-41C1-9ADB-D374DBAF7C50}.Release|Any CPU.ActiveCfg = Staging|Any CPU
		{1A1F34C7-6E40-41C1-9ADB-D374DBAF7C50}.Release|Any CPU.Build.0 = Staging|Any CPU
		{1A1F34C7-6E40-41C1-9ADB-D374DBAF7C50}.Release|Mixed Platforms.ActiveCfg = Staging|Any CPU
		{1A1F34C7-6E40-41C1-9ADB-D374DBAF7C50}.Release|Mixed Platforms.Build.0 = Staging|Any CPU
		{1A1F34C7-6E40-41C1-9ADB-D374DBAF7C50}.Release|x86.ActiveCfg = Staging|Any CPU
		{1A1F34C7-6E40-41C1-9ADB-D374DBAF7C50}.Sandbox|Any CPU.ActiveCfg = Sandbox|Any CPU
		{1A1F34C7-6E40-41C1-9ADB-D374DBAF7C50}.Sandbox|Any CPU.Build.0 = Sandbox|Any CPU
		{1A1F34C7-6E40-41C1-9ADB-D374DBAF7C50}.Sandbox|Mixed Platforms.ActiveCfg = Sandbox|Any CPU
		{1A1F34C7-6E40-41C1-9ADB-D374DBAF7C50}.Sandbox|Mixed Platforms.Build.0 = Sandbox|Any CPU
		{1A1F34C7-6E40-41C1-9ADB-D374DBAF7C50}.Sandbox|x86.ActiveCfg = Sandbox|Any CPU
		{1A1F34C7-6E40-41C1-9ADB-D374DBAF7C50}.Staging|Any CPU.ActiveCfg = Staging|Any CPU
		{1A1F34C7-6E40-41C1-9ADB-D374DBAF7C50}.Staging|Any CPU.Build.0 = Staging|Any CPU
		{1A1F34C7-6E40-41C1-9ADB-D374DBAF7C50}.Staging|Mixed Platforms.ActiveCfg = Staging|Any CPU
		{1A1F34C7-6E40-41C1-9ADB-D374DBAF7C50}.Staging|Mixed Platforms.Build.0 = Staging|Any CPU
		{1A1F34C7-6E40-41C1-9ADB-D374DBAF7C50}.Staging|x86.ActiveCfg = Staging|Any CPU
		{04EF7690-3E45-45BA-A745-76E1C6C2F475}.Debug|Any CPU.ActiveCfg = DevPreview|Any CPU
		{04EF7690-3E45-45BA-A745-76E1C6C2F475}.Debug|Any CPU.Build.0 = DevPreview|Any CPU
		{04EF7690-3E45-45BA-A745-76E1C6C2F475}.Debug|Mixed Platforms.ActiveCfg = DevPreview|Any CPU
		{04EF7690-3E45-45BA-A745-76E1C6C2F475}.Debug|Mixed Platforms.Build.0 = DevPreview|Any CPU
		{04EF7690-3E45-45BA-A745-76E1C6C2F475}.Debug|x86.ActiveCfg = DevPreview|Any CPU
		{04EF7690-3E45-45BA-A745-76E1C6C2F475}.DevPreview|Any CPU.ActiveCfg = DevPreview|Any CPU
		{04EF7690-3E45-45BA-A745-76E1C6C2F475}.DevPreview|Any CPU.Build.0 = DevPreview|Any CPU
		{04EF7690-3E45-45BA-A745-76E1C6C2F475}.DevPreview|Mixed Platforms.ActiveCfg = DevPreview|Any CPU
		{04EF7690-3E45-45BA-A745-76E1C6C2F475}.DevPreview|Mixed Platforms.Build.0 = DevPreview|Any CPU
		{04EF7690-3E45-45BA-A745-76E1C6C2F475}.DevPreview|x86.ActiveCfg = DevPreview|Any CPU
		{04EF7690-3E45-45BA-A745-76E1C6C2F475}.Production|Any CPU.ActiveCfg = Production|Any CPU
		{04EF7690-3E45-45BA-A745-76E1C6C2F475}.Production|Any CPU.Build.0 = Production|Any CPU
		{04EF7690-3E45-45BA-A745-76E1C6C2F475}.Production|Mixed Platforms.ActiveCfg = Production|Any CPU
		{04EF7690-3E45-45BA-A745-76E1C6C2F475}.Production|Mixed Platforms.Build.0 = Production|Any CPU
		{04EF7690-3E45-45BA-A745-76E1C6C2F475}.Production|x86.ActiveCfg = Production|Any CPU
		{04EF7690-3E45-45BA-A745-76E1C6C2F475}.Release|Any CPU.ActiveCfg = Staging|Any CPU
		{04EF7690-3E45-45BA-A745-76E1C6C2F475}.Release|Mixed Platforms.ActiveCfg = Staging|Any CPU
		{04EF7690-3E45-45BA-A745-76E1C6C2F475}.Release|Mixed Platforms.Build.0 = Staging|Any CPU
		{04EF7690-3E45-45BA-A745-76E1C6C2F475}.Release|x86.ActiveCfg = Staging|Any CPU
		{04EF7690-3E45-45BA-A745-76E1C6C2F475}.Sandbox|Any CPU.ActiveCfg = Sandbox|Any CPU
		{04EF7690-3E45-45BA-A745-76E1C6C2F475}.Sandbox|Any CPU.Build.0 = Sandbox|Any CPU
		{04EF7690-3E45-45BA-A745-76E1C6C2F475}.Sandbox|Mixed Platforms.ActiveCfg = Sandbox|Any CPU
		{04EF7690-3E45-45BA-A745-76E1C6C2F475}.Sandbox|Mixed Platforms.Build.0 = Sandbox|Any CPU
		{04EF7690-3E45-45BA-A745-76E1C6C2F475}.Sandbox|x86.ActiveCfg = Sandbox|Any CPU
		{04EF7690-3E45-45BA-A745-76E1C6C2F475}.Staging|Any CPU.ActiveCfg = Staging|Any CPU
		{04EF7690-3E45-45BA-A745-76E1C6C2F475}.Staging|Any CPU.Build.0 = Staging|Any CPU
		{04EF7690-3E45-45BA-A745-76E1C6C2F475}.Staging|Mixed Platforms.ActiveCfg = Staging|Any CPU
		{04EF7690-3E45-45BA-A745-76E1C6C2F475}.Staging|Mixed Platforms.Build.0 = Staging|Any CPU
		{04EF7690-3E45-45BA-A745-76E1C6C2F475}.Staging|x86.ActiveCfg = Staging|Any CPU
		{B995D3CF-E31F-4986-A7F7-77988EA275D3}.Debug|Any CPU.ActiveCfg = DevPreview|Any CPU
		{B995D3CF-E31F-4986-A7F7-77988EA275D3}.Debug|Any CPU.Build.0 = DevPreview|Any CPU
		{B995D3CF-E31F-4986-A7F7-77988EA275D3}.Debug|Mixed Platforms.ActiveCfg = DevPreview|Any CPU
		{B995D3CF-E31F-4986-A7F7-77988EA275D3}.Debug|Mixed Platforms.Build.0 = DevPreview|Any CPU
		{B995D3CF-E31F-4986-A7F7-77988EA275D3}.Debug|x86.ActiveCfg = DevPreview|Any CPU
		{B995D3CF-E31F-4986-A7F7-77988EA275D3}.DevPreview|Any CPU.ActiveCfg = DevPreview|Any CPU
		{B995D3CF-E31F-4986-A7F7-77988EA275D3}.DevPreview|Any CPU.Build.0 = DevPreview|Any CPU
		{B995D3CF-E31F-4986-A7F7-77988EA275D3}.DevPreview|Mixed Platforms.ActiveCfg = DevPreview|Any CPU
		{B995D3CF-E31F-4986-A7F7-77988EA275D3}.DevPreview|Mixed Platforms.Build.0 = DevPreview|Any CPU
		{B995D3CF-E31F-4986-A7F7-77988EA275D3}.DevPreview|x86.ActiveCfg = DevPreview|Any CPU
		{B995D3CF-E31F-4986-A7F7-77988EA275D3}.Production|Any CPU.ActiveCfg = Production|Any CPU
		{B995D3CF-E31F-4986-A7F7-77988EA275D3}.Production|Any CPU.Build.0 = Production|Any CPU
		{B995D3CF-E31F-4986-A7F7-77988EA275D3}.Production|Mixed Platforms.ActiveCfg = Production|Any CPU
		{B995D3CF-E31F-4986-A7F7-77988EA275D3}.Production|Mixed Platforms.Build.0 = Production|Any CPU
		{B995D3CF-E31F-4986-A7F7-77988EA275D3}.Production|x86.ActiveCfg = Production|Any CPU
		{B995D3CF-E31F-4986-A7F7-77988EA275D3}.Release|Any CPU.ActiveCfg = Staging|Any CPU
		{B995D3CF-E31F-4986-A7F7-77988EA275D3}.Release|Any CPU.Build.0 = Staging|Any CPU
		{B995D3CF-E31F-4986-A7F7-77988EA275D3}.Release|Mixed Platforms.ActiveCfg = Staging|Any CPU
		{B995D3CF-E31F-4986-A7F7-77988EA275D3}.Release|Mixed Platforms.Build.0 = Staging|Any CPU
		{B995D3CF-E31F-4986-A7F7-77988EA275D3}.Release|x86.ActiveCfg = Staging|Any CPU
		{B995D3CF-E31F-4986-A7F7-77988EA275D3}.Sandbox|Any CPU.ActiveCfg = Sandbox|Any CPU
		{B995D3CF-E31F-4986-A7F7-77988EA275D3}.Sandbox|Any CPU.Build.0 = Sandbox|Any CPU
		{B995D3CF-E31F-4986-A7F7-77988EA275D3}.Sandbox|Mixed Platforms.ActiveCfg = Sandbox|Any CPU
		{B995D3CF-E31F-4986-A7F7-77988EA275D3}.Sandbox|Mixed Platforms.Build.0 = Sandbox|Any CPU
		{B995D3CF-E31F-4986-A7F7-77988EA275D3}.Sandbox|x86.ActiveCfg = Sandbox|Any CPU
		{B995D3CF-E31F-4986-A7F7-77988EA275D3}.Staging|Any CPU.ActiveCfg = Staging|Any CPU
		{B995D3CF-E31F-4986-A7F7-77988EA275D3}.Staging|Any CPU.Build.0 = Staging|Any CPU
		{B995D3CF-E31F-4986-A7F7-77988EA275D3}.Staging|Mixed Platforms.ActiveCfg = Staging|Any CPU
		{B995D3CF-E31F-4986-A7F7-77988EA275D3}.Staging|Mixed Platforms.Build.0 = Staging|Any CPU
		{B995D3CF-E31F-4986-A7F7-77988EA275D3}.Staging|x86.ActiveCfg = Staging|Any CPU
		{AEE07A15-6B8F-445D-82AC-051E4C2C56CB}.Debug|Any CPU.ActiveCfg = DevPreview|Any CPU
		{AEE07A15-6B8F-445D-82AC-051E4C2C56CB}.Debug|Mixed Platforms.ActiveCfg = DevPreview|Any CPU
		{AEE07A15-6B8F-445D-82AC-051E4C2C56CB}.Debug|x86.ActiveCfg = DevPreview|Any CPU
		{AEE07A15-6B8F-445D-82AC-051E4C2C56CB}.DevPreview|Any CPU.ActiveCfg = DevPreview|Any CPU
		{AEE07A15-6B8F-445D-82AC-051E4C2C56CB}.DevPreview|Any CPU.Build.0 = DevPreview|Any CPU
		{AEE07A15-6B8F-445D-82AC-051E4C2C56CB}.DevPreview|Mixed Platforms.ActiveCfg = DevPreview|Any CPU
		{AEE07A15-6B8F-445D-82AC-051E4C2C56CB}.DevPreview|Mixed Platforms.Build.0 = DevPreview|Any CPU
		{AEE07A15-6B8F-445D-82AC-051E4C2C56CB}.DevPreview|Mixed Platforms.Deploy.0 = DevPreview|Any CPU
		{AEE07A15-6B8F-445D-82AC-051E4C2C56CB}.DevPreview|x86.ActiveCfg = DevPreview|Any CPU
		{AEE07A15-6B8F-445D-82AC-051E4C2C56CB}.Production|Any CPU.ActiveCfg = Production|Any CPU
		{AEE07A15-6B8F-445D-82AC-051E4C2C56CB}.Production|Any CPU.Build.0 = Production|Any CPU
		{AEE07A15-6B8F-445D-82AC-051E4C2C56CB}.Production|Mixed Platforms.ActiveCfg = Production|Any CPU
		{AEE07A15-6B8F-445D-82AC-051E4C2C56CB}.Production|Mixed Platforms.Build.0 = Production|Any CPU
		{AEE07A15-6B8F-445D-82AC-051E4C2C56CB}.Production|Mixed Platforms.Deploy.0 = Production|Any CPU
		{AEE07A15-6B8F-445D-82AC-051E4C2C56CB}.Production|x86.ActiveCfg = Production|Any CPU
		{AEE07A15-6B8F-445D-82AC-051E4C2C56CB}.Release|Any CPU.ActiveCfg = Staging|Any CPU
		{AEE07A15-6B8F-445D-82AC-051E4C2C56CB}.Release|Mixed Platforms.ActiveCfg = Staging|Any CPU
		{AEE07A15-6B8F-445D-82AC-051E4C2C56CB}.Release|x86.ActiveCfg = Staging|Any CPU
		{AEE07A15-6B8F-445D-82AC-051E4C2C56CB}.Sandbox|Any CPU.ActiveCfg = Sandbox|Any CPU
		{AEE07A15-6B8F-445D-82AC-051E4C2C56CB}.Sandbox|Any CPU.Build.0 = Sandbox|Any CPU
		{AEE07A15-6B8F-445D-82AC-051E4C2C56CB}.Sandbox|Mixed Platforms.ActiveCfg = Sandbox|Any CPU
		{AEE07A15-6B8F-445D-82AC-051E4C2C56CB}.Sandbox|Mixed Platforms.Build.0 = Sandbox|Any CPU
		{AEE07A15-6B8F-445D-82AC-051E4C2C56CB}.Sandbox|Mixed Platforms.Deploy.0 = Sandbox|Any CPU
		{AEE07A15-6B8F-445D-82AC-051E4C2C56CB}.Sandbox|x86.ActiveCfg = Sandbox|Any CPU
		{AEE07A15-6B8F-445D-82AC-051E4C2C56CB}.Staging|Any CPU.ActiveCfg = Staging|Any CPU
		{AEE07A15-6B8F-445D-82AC-051E4C2C56CB}.Staging|Any CPU.Build.0 = Staging|Any CPU
		{AEE07A15-6B8F-445D-82AC-051E4C2C56CB}.Staging|Mixed Platforms.ActiveCfg = Staging|Any CPU
		{AEE07A15-6B8F-445D-82AC-051E4C2C56CB}.Staging|Mixed Platforms.Build.0 = Staging|Any CPU
		{AEE07A15-6B8F-445D-82AC-051E4C2C56CB}.Staging|Mixed Platforms.Deploy.0 = Staging|Any CPU
		{AEE07A15-6B8F-445D-82AC-051E4C2C56CB}.Staging|x86.ActiveCfg = Staging|Any CPU
		{5B3FB17F-E68B-467D-861B-0CF5C91C2AA7}.Debug|Any CPU.ActiveCfg = DevPreview|x86
		{5B3FB17F-E68B-467D-861B-0CF5C91C2AA7}.Debug|Mixed Platforms.ActiveCfg = DevPreview|x86
		{5B3FB17F-E68B-467D-861B-0CF5C91C2AA7}.Debug|Mixed Platforms.Build.0 = DevPreview|x86
		{5B3FB17F-E68B-467D-861B-0CF5C91C2AA7}.Debug|x86.ActiveCfg = DevPreview|x86
		{5B3FB17F-E68B-467D-861B-0CF5C91C2AA7}.Debug|x86.Build.0 = DevPreview|x86
		{5B3FB17F-E68B-467D-861B-0CF5C91C2AA7}.DevPreview|Any CPU.ActiveCfg = DevPreview|Any CPU
		{5B3FB17F-E68B-467D-861B-0CF5C91C2AA7}.DevPreview|Any CPU.Build.0 = DevPreview|Any CPU
		{5B3FB17F-E68B-467D-861B-0CF5C91C2AA7}.DevPreview|Mixed Platforms.ActiveCfg = DevPreview|x86
		{5B3FB17F-E68B-467D-861B-0CF5C91C2AA7}.DevPreview|Mixed Platforms.Build.0 = DevPreview|x86
		{5B3FB17F-E68B-467D-861B-0CF5C91C2AA7}.DevPreview|x86.ActiveCfg = DevPreview|x86
		{5B3FB17F-E68B-467D-861B-0CF5C91C2AA7}.DevPreview|x86.Build.0 = DevPreview|x86
		{5B3FB17F-E68B-467D-861B-0CF5C91C2AA7}.Production|Any CPU.ActiveCfg = Production|Any CPU
		{5B3FB17F-E68B-467D-861B-0CF5C91C2AA7}.Production|Any CPU.Build.0 = Production|Any CPU
		{5B3FB17F-E68B-467D-861B-0CF5C91C2AA7}.Production|Mixed Platforms.ActiveCfg = Production|x86
		{5B3FB17F-E68B-467D-861B-0CF5C91C2AA7}.Production|Mixed Platforms.Build.0 = Production|x86
		{5B3FB17F-E68B-467D-861B-0CF5C91C2AA7}.Production|x86.ActiveCfg = Production|x86
		{5B3FB17F-E68B-467D-861B-0CF5C91C2AA7}.Production|x86.Build.0 = Production|x86
		{5B3FB17F-E68B-467D-861B-0CF5C91C2AA7}.Release|Any CPU.ActiveCfg = Staging|Any CPU
		{5B3FB17F-E68B-467D-861B-0CF5C91C2AA7}.Release|Any CPU.Build.0 = Staging|Any CPU
		{5B3FB17F-E68B-467D-861B-0CF5C91C2AA7}.Release|Mixed Platforms.ActiveCfg = Staging|x86
		{5B3FB17F-E68B-467D-861B-0CF5C91C2AA7}.Release|Mixed Platforms.Build.0 = Staging|x86
		{5B3FB17F-E68B-467D-861B-0CF5C91C2AA7}.Release|x86.ActiveCfg = Staging|x86
		{5B3FB17F-E68B-467D-861B-0CF5C91C2AA7}.Release|x86.Build.0 = Staging|x86
		{5B3FB17F-E68B-467D-861B-0CF5C91C2AA7}.Sandbox|Any CPU.ActiveCfg = Sandbox|Any CPU
		{5B3FB17F-E68B-467D-861B-0CF5C91C2AA7}.Sandbox|Any CPU.Build.0 = Sandbox|Any CPU
		{5B3FB17F-E68B-467D-861B-0CF5C91C2AA7}.Sandbox|Mixed Platforms.ActiveCfg = Sandbox|x86
		{5B3FB17F-E68B-467D-861B-0CF5C91C2AA7}.Sandbox|Mixed Platforms.Build.0 = Sandbox|x86
		{5B3FB17F-E68B-467D-861B-0CF5C91C2AA7}.Sandbox|x86.ActiveCfg = Sandbox|x86
		{5B3FB17F-E68B-467D-861B-0CF5C91C2AA7}.Sandbox|x86.Build.0 = Sandbox|x86
		{5B3FB17F-E68B-467D-861B-0CF5C91C2AA7}.Staging|Any CPU.ActiveCfg = Staging|Any CPU
		{5B3FB17F-E68B-467D-861B-0CF5C91C2AA7}.Staging|Any CPU.Build.0 = Staging|Any CPU
		{5B3FB17F-E68B-467D-861B-0CF5C91C2AA7}.Staging|Mixed Platforms.ActiveCfg = Staging|x86
		{5B3FB17F-E68B-467D-861B-0CF5C91C2AA7}.Staging|Mixed Platforms.Build.0 = Staging|x86
		{5B3FB17F-E68B-467D-861B-0CF5C91C2AA7}.Staging|x86.ActiveCfg = Staging|x86
		{5B3FB17F-E68B-467D-861B-0CF5C91C2AA7}.Staging|x86.Build.0 = Staging|x86
		{7801AD45-318D-4942-8759-3D1C1CAD1E06}.Debug|Any CPU.ActiveCfg = DevPreview|Any CPU
		{7801AD45-318D-4942-8759-3D1C1CAD1E06}.Debug|Any CPU.Build.0 = DevPreview|Any CPU
		{7801AD45-318D-4942-8759-3D1C1CAD1E06}.Debug|Mixed Platforms.ActiveCfg = DevPreview|x86
		{7801AD45-318D-4942-8759-3D1C1CAD1E06}.Debug|Mixed Platforms.Build.0 = DevPreview|x86
		{7801AD45-318D-4942-8759-3D1C1CAD1E06}.Debug|x86.ActiveCfg = DevPreview|x86
		{7801AD45-318D-4942-8759-3D1C1CAD1E06}.Debug|x86.Build.0 = DevPreview|x86
		{7801AD45-318D-4942-8759-3D1C1CAD1E06}.DevPreview|Any CPU.ActiveCfg = DevPreview|Any CPU
		{7801AD45-318D-4942-8759-3D1C1CAD1E06}.DevPreview|Any CPU.Build.0 = DevPreview|Any CPU
		{7801AD45-318D-4942-8759-3D1C1CAD1E06}.DevPreview|Mixed Platforms.ActiveCfg = DevPreview|Any CPU
		{7801AD45-318D-4942-8759-3D1C1CAD1E06}.DevPreview|Mixed Platforms.Build.0 = DevPreview|Any CPU
		{7801AD45-318D-4942-8759-3D1C1CAD1E06}.DevPreview|x86.ActiveCfg = DevPreview|x86
		{7801AD45-318D-4942-8759-3D1C1CAD1E06}.DevPreview|x86.Build.0 = DevPreview|x86
		{7801AD45-318D-4942-8759-3D1C1CAD1E06}.Production|Any CPU.ActiveCfg = Production|Any CPU
		{7801AD45-318D-4942-8759-3D1C1CAD1E06}.Production|Any CPU.Build.0 = Production|Any CPU
		{7801AD45-318D-4942-8759-3D1C1CAD1E06}.Production|Mixed Platforms.ActiveCfg = Production|Any CPU
		{7801AD45-318D-4942-8759-3D1C1CAD1E06}.Production|Mixed Platforms.Build.0 = Production|Any CPU
		{7801AD45-318D-4942-8759-3D1C1CAD1E06}.Production|x86.ActiveCfg = Production|x86
		{7801AD45-318D-4942-8759-3D1C1CAD1E06}.Production|x86.Build.0 = Production|x86
		{7801AD45-318D-4942-8759-3D1C1CAD1E06}.Release|Any CPU.ActiveCfg = Staging|Any CPU
		{7801AD45-318D-4942-8759-3D1C1CAD1E06}.Release|Any CPU.Build.0 = Staging|Any CPU
		{7801AD45-318D-4942-8759-3D1C1CAD1E06}.Release|Mixed Platforms.ActiveCfg = Staging|x86
		{7801AD45-318D-4942-8759-3D1C1CAD1E06}.Release|Mixed Platforms.Build.0 = Staging|x86
		{7801AD45-318D-4942-8759-3D1C1CAD1E06}.Release|x86.ActiveCfg = Staging|x86
		{7801AD45-318D-4942-8759-3D1C1CAD1E06}.Release|x86.Build.0 = Staging|x86
		{7801AD45-318D-4942-8759-3D1C1CAD1E06}.Sandbox|Any CPU.ActiveCfg = Sandbox|Any CPU
		{7801AD45-318D-4942-8759-3D1C1CAD1E06}.Sandbox|Mixed Platforms.ActiveCfg = Sandbox|Any CPU
		{7801AD45-318D-4942-8759-3D1C1CAD1E06}.Sandbox|Mixed Platforms.Build.0 = Sandbox|Any CPU
		{7801AD45-318D-4942-8759-3D1C1CAD1E06}.Sandbox|x86.ActiveCfg = Sandbox|x86
		{7801AD45-318D-4942-8759-3D1C1CAD1E06}.Sandbox|x86.Build.0 = Sandbox|x86
		{7801AD45-318D-4942-8759-3D1C1CAD1E06}.Staging|Any CPU.ActiveCfg = Staging|Any CPU
		{7801AD45-318D-4942-8759-3D1C1CAD1E06}.Staging|Any CPU.Build.0 = Staging|Any CPU
		{7801AD45-318D-4942-8759-3D1C1CAD1E06}.Staging|Mixed Platforms.ActiveCfg = Staging|Any CPU
		{7801AD45-318D-4942-8759-3D1C1CAD1E06}.Staging|Mixed Platforms.Build.0 = Staging|Any CPU
		{7801AD45-318D-4942-8759-3D1C1CAD1E06}.Staging|x86.ActiveCfg = Staging|x86
		{7801AD45-318D-4942-8759-3D1C1CAD1E06}.Staging|x86.Build.0 = Staging|x86
		{8E338D8F-37D9-43BA-A72A-CDA37FED0EAF}.Debug|Any CPU.ActiveCfg = DevPreview|Any CPU
		{8E338D8F-37D9-43BA-A72A-CDA37FED0EAF}.Debug|Any CPU.Build.0 = DevPreview|Any CPU
		{8E338D8F-37D9-43BA-A72A-CDA37FED0EAF}.Debug|Mixed Platforms.ActiveCfg = DevPreview|Any CPU
		{8E338D8F-37D9-43BA-A72A-CDA37FED0EAF}.Debug|Mixed Platforms.Build.0 = DevPreview|Any CPU
		{8E338D8F-37D9-43BA-A72A-CDA37FED0EAF}.Debug|x86.ActiveCfg = DevPreview|Any CPU
		{8E338D8F-37D9-43BA-A72A-CDA37FED0EAF}.DevPreview|Any CPU.ActiveCfg = DevPreview|Any CPU
		{8E338D8F-37D9-43BA-A72A-CDA37FED0EAF}.DevPreview|Any CPU.Build.0 = DevPreview|Any CPU
		{8E338D8F-37D9-43BA-A72A-CDA37FED0EAF}.DevPreview|Mixed Platforms.ActiveCfg = DevPreview|Any CPU
		{8E338D8F-37D9-43BA-A72A-CDA37FED0EAF}.DevPreview|Mixed Platforms.Build.0 = DevPreview|Any CPU
		{8E338D8F-37D9-43BA-A72A-CDA37FED0EAF}.DevPreview|x86.ActiveCfg = DevPreview|Any CPU
		{8E338D8F-37D9-43BA-A72A-CDA37FED0EAF}.Production|Any CPU.ActiveCfg = Production|Any CPU
		{8E338D8F-37D9-43BA-A72A-CDA37FED0EAF}.Production|Any CPU.Build.0 = Production|Any CPU
		{8E338D8F-37D9-43BA-A72A-CDA37FED0EAF}.Production|Mixed Platforms.ActiveCfg = Production|Any CPU
		{8E338D8F-37D9-43BA-A72A-CDA37FED0EAF}.Production|Mixed Platforms.Build.0 = Production|Any CPU
		{8E338D8F-37D9-43BA-A72A-CDA37FED0EAF}.Production|x86.ActiveCfg = Production|Any CPU
		{8E338D8F-37D9-43BA-A72A-CDA37FED0EAF}.Release|Any CPU.ActiveCfg = Staging|Any CPU
		{8E338D8F-37D9-43BA-A72A-CDA37FED0EAF}.Release|Any CPU.Build.0 = Staging|Any CPU
		{8E338D8F-37D9-43BA-A72A-CDA37FED0EAF}.Release|Mixed Platforms.ActiveCfg = Staging|Any CPU
		{8E338D8F-37D9-43BA-A72A-CDA37FED0EAF}.Release|Mixed Platforms.Build.0 = Staging|Any CPU
		{8E338D8F-37D9-43BA-A72A-CDA37FED0EAF}.Release|x86.ActiveCfg = Staging|Any CPU
		{8E338D8F-37D9-43BA-A72A-CDA37FED0EAF}.Sandbox|Any CPU.ActiveCfg = Sandbox|Any CPU
		{8E338D8F-37D9-43BA-A72A-CDA37FED0EAF}.Sandbox|Any CPU.Build.0 = Sandbox|Any CPU
		{8E338D8F-37D9-43BA-A72A-CDA37FED0EAF}.Sandbox|Mixed Platforms.ActiveCfg = Sandbox|Any CPU
		{8E338D8F-37D9-43BA-A72A-CDA37FED0EAF}.Sandbox|Mixed Platforms.Build.0 = Sandbox|Any CPU
		{8E338D8F-37D9-43BA-A72A-CDA37FED0EAF}.Sandbox|x86.ActiveCfg = Sandbox|Any CPU
		{8E338D8F-37D9-43BA-A72A-CDA37FED0EAF}.Staging|Any CPU.ActiveCfg = Staging|Any CPU
		{8E338D8F-37D9-43BA-A72A-CDA37FED0EAF}.Staging|Any CPU.Build.0 = Staging|Any CPU
		{8E338D8F-37D9-43BA-A72A-CDA37FED0EAF}.Staging|Mixed Platforms.ActiveCfg = Staging|Any CPU
		{8E338D8F-37D9-43BA-A72A-CDA37FED0EAF}.Staging|Mixed Platforms.Build.0 = Staging|Any CPU
		{8E338D8F-37D9-43BA-A72A-CDA37FED0EAF}.Staging|x86.ActiveCfg = Staging|Any CPU
	EndGlobalSection
	GlobalSection(SolutionProperties) = preSolution
		HideSolutionNode = FALSE
	EndGlobalSection
EndGlobal
