
Microsoft Visual Studio Solution File, Format Version 12.00
# Visual Studio 2012
Project("{2150E333-8FDC-42A3-9474-1A3956D46DE8}") = "Solution Items", "Solution Items", "{985BCC3A-CD3E-4FCC-AAC4-754EB0192EC8}"
	ProjectSection(SolutionItems) = preProject
		Chronozoom.vsmdi = Chronozoom.vsmdi
		CREDITS.TXT = CREDITS.TXT
		LICENSE.TXT = LICENSE.TXT
	EndProjectSection
EndProject
Project("{FAE04EC0-301F-11D3-BF4B-00C04F79EFBC}") = "Chronozoom.UI", "Chronozoom.UI\Chronozoom.UI.csproj", "{1A1F34C7-6E40-41C1-9ADB-D374DBAF7C50}"
EndProject
Project("{FAE04EC0-301F-11D3-BF4B-00C04F79EFBC}") = "Chronozoom.Test", "..\Test\Chronozoom.Test\Chronozoom.Test.csproj", "{04EF7690-3E45-45BA-A745-76E1C6C2F475}"
EndProject
Project("{FAE04EC0-301F-11D3-BF4B-00C04F79EFBC}") = "Chronozoom.Entities", "Chronozoom.Entities\Chronozoom.Entities.csproj", "{B995D3CF-E31F-4986-A7F7-77988EA275D3}"
EndProject
Project("{2150E333-8FDC-42A3-9474-1A3956D46DE8}") = ".nuget", ".nuget", "{83B2C810-867C-4DE4-9F2A-50DA4944E555}"
	ProjectSection(SolutionItems) = preProject
		.nuget\NuGet.Config = .nuget\NuGet.Config
		.nuget\NuGet.exe = .nuget\NuGet.exe
		.nuget\NuGet.targets = .nuget\NuGet.targets
	EndProjectSection
EndProject
Project("{FAE04EC0-301F-11D3-BF4B-00C04F79EFBC}") = "OuterCurve.SignalRTraceListener", "SignalRTraceListener\OuterCurve.SignalRTraceListener.csproj", "{E9C7A64B-D03B-47D7-89DD-48D046DE564C}"
EndProject
Project("{FAE04EC0-301F-11D3-BF4B-00C04F79EFBC}") = "DataMigration", "DataMigration\DataMigration.csproj", "{1E192464-3936-4C74-835C-069D2D49BD5A}"
EndProject
Global
	GlobalSection(TestCaseManagementSettings) = postSolution
		CategoryFile = Chronozoom.vsmdi
	EndGlobalSection
	GlobalSection(SolutionConfigurationPlatforms) = preSolution
		Debug|Any CPU = Debug|Any CPU
		Debug|Mixed Platforms = Debug|Mixed Platforms
		Debug|x86 = Debug|x86
		Release|Any CPU = Release|Any CPU
		Release|Mixed Platforms = Release|Mixed Platforms
		Release|x86 = Release|x86
	EndGlobalSection
	GlobalSection(ProjectConfigurationPlatforms) = postSolution
		{1A1F34C7-6E40-41C1-9ADB-D374DBAF7C50}.Debug|Any CPU.ActiveCfg = Debug|Any CPU
		{1A1F34C7-6E40-41C1-9ADB-D374DBAF7C50}.Debug|Any CPU.Build.0 = Debug|Any CPU
		{1A1F34C7-6E40-41C1-9ADB-D374DBAF7C50}.Debug|Mixed Platforms.ActiveCfg = Debug|Any CPU
		{1A1F34C7-6E40-41C1-9ADB-D374DBAF7C50}.Debug|Mixed Platforms.Build.0 = Debug|Any CPU
		{1A1F34C7-6E40-41C1-9ADB-D374DBAF7C50}.Debug|x86.ActiveCfg = Debug|Any CPU
		{1A1F34C7-6E40-41C1-9ADB-D374DBAF7C50}.Release|Any CPU.ActiveCfg = Release|Any CPU
		{1A1F34C7-6E40-41C1-9ADB-D374DBAF7C50}.Release|Any CPU.Build.0 = Release|Any CPU
		{1A1F34C7-6E40-41C1-9ADB-D374DBAF7C50}.Release|Mixed Platforms.ActiveCfg = Release|Any CPU
		{1A1F34C7-6E40-41C1-9ADB-D374DBAF7C50}.Release|Mixed Platforms.Build.0 = Release|Any CPU
		{1A1F34C7-6E40-41C1-9ADB-D374DBAF7C50}.Release|x86.ActiveCfg = Release|Any CPU
		{04EF7690-3E45-45BA-A745-76E1C6C2F475}.Debug|Any CPU.ActiveCfg = Debug|Any CPU
		{04EF7690-3E45-45BA-A745-76E1C6C2F475}.Debug|Any CPU.Build.0 = Debug|Any CPU
		{04EF7690-3E45-45BA-A745-76E1C6C2F475}.Debug|Mixed Platforms.ActiveCfg = Debug|Any CPU
		{04EF7690-3E45-45BA-A745-76E1C6C2F475}.Debug|Mixed Platforms.Build.0 = Debug|Any CPU
		{04EF7690-3E45-45BA-A745-76E1C6C2F475}.Debug|x86.ActiveCfg = Debug|Any CPU
		{04EF7690-3E45-45BA-A745-76E1C6C2F475}.Release|Any CPU.ActiveCfg = Release|Any CPU
		{04EF7690-3E45-45BA-A745-76E1C6C2F475}.Release|Any CPU.Build.0 = Release|Any CPU
		{04EF7690-3E45-45BA-A745-76E1C6C2F475}.Release|Mixed Platforms.ActiveCfg = Release|Any CPU
		{04EF7690-3E45-45BA-A745-76E1C6C2F475}.Release|Mixed Platforms.Build.0 = Release|Any CPU
		{04EF7690-3E45-45BA-A745-76E1C6C2F475}.Release|x86.ActiveCfg = Release|Any CPU
		{B995D3CF-E31F-4986-A7F7-77988EA275D3}.Debug|Any CPU.ActiveCfg = Debug|Any CPU
		{B995D3CF-E31F-4986-A7F7-77988EA275D3}.Debug|Any CPU.Build.0 = Debug|Any CPU
		{B995D3CF-E31F-4986-A7F7-77988EA275D3}.Debug|Mixed Platforms.ActiveCfg = Debug|Any CPU
		{B995D3CF-E31F-4986-A7F7-77988EA275D3}.Debug|Mixed Platforms.Build.0 = Debug|Any CPU
		{B995D3CF-E31F-4986-A7F7-77988EA275D3}.Debug|x86.ActiveCfg = Debug|Any CPU
		{B995D3CF-E31F-4986-A7F7-77988EA275D3}.Release|Any CPU.ActiveCfg = Release|Any CPU
		{B995D3CF-E31F-4986-A7F7-77988EA275D3}.Release|Any CPU.Build.0 = Release|Any CPU
		{B995D3CF-E31F-4986-A7F7-77988EA275D3}.Release|Mixed Platforms.ActiveCfg = Release|Any CPU
		{B995D3CF-E31F-4986-A7F7-77988EA275D3}.Release|Mixed Platforms.Build.0 = Release|Any CPU
		{B995D3CF-E31F-4986-A7F7-77988EA275D3}.Release|x86.ActiveCfg = Release|Any CPU
		{E9C7A64B-D03B-47D7-89DD-48D046DE564C}.Debug|Any CPU.ActiveCfg = Debug|Any CPU
		{E9C7A64B-D03B-47D7-89DD-48D046DE564C}.Debug|Any CPU.Build.0 = Debug|Any CPU
		{E9C7A64B-D03B-47D7-89DD-48D046DE564C}.Debug|Mixed Platforms.ActiveCfg = Debug|Any CPU
		{E9C7A64B-D03B-47D7-89DD-48D046DE564C}.Debug|Mixed Platforms.Build.0 = Debug|Any CPU
		{E9C7A64B-D03B-47D7-89DD-48D046DE564C}.Debug|x86.ActiveCfg = Debug|Any CPU
		{E9C7A64B-D03B-47D7-89DD-48D046DE564C}.Release|Any CPU.ActiveCfg = Release|Any CPU
		{E9C7A64B-D03B-47D7-89DD-48D046DE564C}.Release|Any CPU.Build.0 = Release|Any CPU
		{E9C7A64B-D03B-47D7-89DD-48D046DE564C}.Release|Mixed Platforms.ActiveCfg = Release|Any CPU
		{E9C7A64B-D03B-47D7-89DD-48D046DE564C}.Release|Mixed Platforms.Build.0 = Release|Any CPU
		{E9C7A64B-D03B-47D7-89DD-48D046DE564C}.Release|x86.ActiveCfg = Release|Any CPU
		{1E192464-3936-4C74-835C-069D2D49BD5A}.Debug|Any CPU.ActiveCfg = Debug|Any CPU
		{1E192464-3936-4C74-835C-069D2D49BD5A}.Debug|Any CPU.Build.0 = Debug|Any CPU
		{1E192464-3936-4C74-835C-069D2D49BD5A}.Debug|Mixed Platforms.ActiveCfg = Debug|Any CPU
		{1E192464-3936-4C74-835C-069D2D49BD5A}.Debug|Mixed Platforms.Build.0 = Debug|Any CPU
		{1E192464-3936-4C74-835C-069D2D49BD5A}.Debug|x86.ActiveCfg = Debug|Any CPU
		{1E192464-3936-4C74-835C-069D2D49BD5A}.Release|Any CPU.ActiveCfg = Release|Any CPU
		{1E192464-3936-4C74-835C-069D2D49BD5A}.Release|Any CPU.Build.0 = Release|Any CPU
		{1E192464-3936-4C74-835C-069D2D49BD5A}.Release|Mixed Platforms.ActiveCfg = Release|Any CPU
		{1E192464-3936-4C74-835C-069D2D49BD5A}.Release|Mixed Platforms.Build.0 = Release|Any CPU
		{1E192464-3936-4C74-835C-069D2D49BD5A}.Release|x86.ActiveCfg = Release|Any CPU
	EndGlobalSection
	GlobalSection(SolutionProperties) = preSolution
		HideSolutionNode = FALSE
	EndGlobalSection
EndGlobal
